<?xml version="1.0" encoding="utf-8"?>
<Project ToolsVersion="4.0" xmlns="http://schemas.microsoft.com/developer/msbuild/2003">
  <ItemGroup>
    <Filter Include="Source Files">
      <UniqueIdentifier>{4FC737F1-C7A5-4376-A066-2A32D752A2FF}</UniqueIdentifier>
      <Extensions>cpp;c;cc;cxx;def;odl;idl;hpj;bat;asm;asmx</Extensions>
    </Filter>
    <Filter Include="Header Files">
      <UniqueIdentifier>{93995380-89BD-4b04-88EB-625FBE52EBFB}</UniqueIdentifier>
      <Extensions>h;hh;hpp;hxx;hm;inl;inc;xsd</Extensions>
    </Filter>
    <Filter Include="Mechanics">
      <UniqueIdentifier>{d0224d0b-1dc5-423b-a294-fee5b16b022e}</UniqueIdentifier>
    </Filter>
    <Filter Include="Inventory">
      <UniqueIdentifier>{597561f6-ccc4-4000-bf35-f747f0219419}</UniqueIdentifier>
    </Filter>
    <Filter Include="UI">
      <UniqueIdentifier>{021433f2-ebd0-4cb4-a23b-5cb3d04c6485}</UniqueIdentifier>
    </Filter>
    <Filter Include="Utility">
      <UniqueIdentifier>{4b611328-d9f6-4922-9062-8f6eb128a0c3}</UniqueIdentifier>
    </Filter>
  </ItemGroup>
  <ItemGroup>
    <ClCompile Include="Platformer.cpp">
      <Filter>Source Files</Filter>
    </ClCompile>
    <ClCompile Include="character.cpp">
      <Filter>Mechanics</Filter>
    </ClCompile>
    <ClCompile Include="creature.cpp">
      <Filter>Mechanics</Filter>
    </ClCompile>
    <ClCompile Include="entity.cpp">
      <Filter>Mechanics</Filter>
    </ClCompile>
    <ClCompile Include="item.cpp">
      <Filter>Mechanics</Filter>
    </ClCompile>
    <ClCompile Include="map.cpp">
      <Filter>Mechanics</Filter>
    </ClCompile>
    <ClCompile Include="obstacle.cpp">
      <Filter>Mechanics</Filter>
    </ClCompile>
    <ClCompile Include="obstruction.cpp">
      <Filter>Mechanics</Filter>
    </ClCompile>
    <ClCompile Include="player.cpp">
      <Filter>Mechanics</Filter>
    </ClCompile>
    <ClCompile Include="space.cpp">
      <Filter>Mechanics</Filter>
    </ClCompile>
    <ClCompile Include="vec2.cpp">
      <Filter>Utility</Filter>
    </ClCompile>
  </ItemGroup>
  <ItemGroup>
    <ClInclude Include="gui.h">
      <Filter>UI</Filter>
    </ClInclude>
    <ClInclude Include="TestUI.h">
      <Filter>Source Files</Filter>
    </ClInclude>
    <ClInclude Include="TestSpace.h">
      <Filter>Source Files</Filter>
    </ClInclude>
    <ClInclude Include="character.h">
      <Filter>Mechanics</Filter>
    </ClInclude>
    <ClInclude Include="creature.h">
      <Filter>Mechanics</Filter>
    </ClInclude>
    <ClInclude Include="entity.h">
      <Filter>Mechanics</Filter>
    </ClInclude>
    <ClInclude Include="item.h">
      <Filter>Mechanics</Filter>
    </ClInclude>
    <ClInclude Include="map.h">
      <Filter>Mechanics</Filter>
    </ClInclude>
    <ClInclude Include="obstacle.h">
      <Filter>Mechanics</Filter>
    </ClInclude>
    <ClInclude Include="player.h">
      <Filter>Mechanics</Filter>
    </ClInclude>
    <ClInclude Include="space.h">
      <Filter>Mechanics</Filter>
    </ClInclude>
    <ClInclude Include="obstruction.h">
      <Filter>Mechanics</Filter>
    </ClInclude>
    <ClInclude Include="TestCreature.h">
      <Filter>Source Files</Filter>
    </ClInclude>
    <ClInclude Include="TestObstacles.h">
      <Filter>Source Files</Filter>
    </ClInclude>
    <ClInclude Include="TestMap.h">
      <Filter>Source Files</Filter>
    </ClInclude>
    <ClInclude Include="TestEntities.h">
      <Filter>Source Files</Filter>
    </ClInclude>
    <ClInclude Include="sprudo.h">
      <Filter>Source Files</Filter>
    </ClInclude>
    <ClInclude Include="renderable.h">
      <Filter>Utility</Filter>
    </ClInclude>
    <ClInclude Include="ImageStore.h">
      <Filter>Utility</Filter>
    </ClInclude>
    <ClInclude Include="vec2.h">
      <Filter>Utility</Filter>
    </ClInclude>
  </ItemGroup>
</Project>