<?xml version="1.0" encoding="utf-8"?>
<Project ToolsVersion="4.0" xmlns="http://schemas.microsoft.com/developer/msbuild/2003">
  <ItemGroup>
    <ClCompile Include="character.cpp">
      <Filter>Mechanics</Filter>
    </ClCompile>
    <ClCompile Include="creature.cpp">
      <Filter>Mechanics</Filter>
    </ClCompile>
    <ClCompile Include="entity.cpp">
      <Filter>Mechanics</Filter>
    </ClCompile>
    <ClCompile Include="item.cpp">
      <Filter>Mechanics</Filter>
    </ClCompile>
    <ClCompile Include="map.cpp">
      <Filter>Mechanics</Filter>
    </ClCompile>
    <ClCompile Include="obstacle.cpp">
      <Filter>Mechanics</Filter>
    </ClCompile>
    <ClCompile Include="obstruction.cpp">
      <Filter>Mechanics</Filter>
    </ClCompile>
    <ClCompile Include="player.cpp">
      <Filter>Mechanics</Filter>
    </ClCompile>
    <ClCompile Include="space.cpp">
      <Filter>Mechanics</Filter>
    </ClCompile>
    <ClCompile Include="vec2.cpp">
      <Filter>Utility</Filter>
    </ClCompile>
    <ClCompile Include="Platformer.cpp">
      <Filter>Test</Filter>
    </ClCompile>
    <ClCompile Include="spritesheet.cpp">
      <Filter>Utility</Filter>
    </ClCompile>
    <ClCompile Include="ImageStore.cpp">
      <Filter>Utility</Filter>
    </ClCompile>
    <ClCompile Include="SpriteSheetStore.cpp">
      <Filter>Utility</Filter>
    </ClCompile>
    <ClCompile Include="creatureevent.cpp">
      <Filter>Mechanics</Filter>
    </ClCompile>
  </ItemGroup>
  <ItemGroup>
    <ClInclude Include="character.h">
      <Filter>Mechanics</Filter>
    </ClInclude>
    <ClInclude Include="creature.h">
      <Filter>Mechanics</Filter>
    </ClInclude>
    <ClInclude Include="entity.h">
      <Filter>Mechanics</Filter>
    </ClInclude>
    <ClInclude Include="item.h">
      <Filter>Mechanics</Filter>
    </ClInclude>
    <ClInclude Include="map.h">
      <Filter>Mechanics</Filter>
    </ClInclude>
    <ClInclude Include="obstacle.h">
      <Filter>Mechanics</Filter>
    </ClInclude>
    <ClInclude Include="obstruction.h">
      <Filter>Mechanics</Filter>
    </ClInclude>
    <ClInclude Include="player.h">
      <Filter>Mechanics</Filter>
    </ClInclude>
    <ClInclude Include="space.h">
      <Filter>Mechanics</Filter>
    </ClInclude>
    <ClInclude Include="gui.h">
      <Filter>Utility</Filter>
    </ClInclude>
    <ClInclude Include="ImageStore.h">
      <Filter>Utility</Filter>
    </ClInclude>
    <ClInclude Include="spritesheet.h">
      <Filter>Utility</Filter>
    </ClInclude>
    <ClInclude Include="vec2.h">
      <Filter>Utility</Filter>
    </ClInclude>
    <ClInclude Include="sprudo.h">
      <Filter>Test</Filter>
    </ClInclude>
    <ClInclude Include="TestEntities.h">
      <Filter>Test</Filter>
    </ClInclude>
    <ClInclude Include="TestMap.h">
      <Filter>Test</Filter>
    </ClInclude>
    <ClInclude Include="TestObstacles.h">
      <Filter>Test</Filter>
    </ClInclude>
    <ClInclude Include="TestSpace.h">
      <Filter>Test</Filter>
    </ClInclude>
    <ClInclude Include="TestUI.h">
      <Filter>Test</Filter>
    </ClInclude>
    <ClInclude Include="SpriteSheetStore.h">
      <Filter>Utility</Filter>
    </ClInclude>
    <ClInclude Include="bulbous.h">
      <Filter>Test</Filter>
    </ClInclude>
    <ClInclude Include="testcharacter.h">
      <Filter>Test</Filter>
    </ClInclude>
    <ClInclude Include="intermob.h">
      <Filter>Mechanics</Filter>
    </ClInclude>
    <ClInclude Include="creatureevent.h">
      <Filter>Mechanics</Filter>
    </ClInclude>
  </ItemGroup>
  <ItemGroup>
    <Filter Include="Mechanics">
      <UniqueIdentifier>{cd9378a3-7e62-487e-b89e-3bae2add5bda}</UniqueIdentifier>
    </Filter>
    <Filter Include="Test">
      <UniqueIdentifier>{d9e64519-15ec-48dd-9ce4-a78aa8ec5135}</UniqueIdentifier>
    </Filter>
    <Filter Include="Utility">
      <UniqueIdentifier>{393a7695-d532-49bc-89d5-6b4b1c7fd45b}</UniqueIdentifier>
    </Filter>
  </ItemGroup>
</Project>